# THIS IS AN AUTOGENERATED FILE. DO NOT EDIT THIS FILE DIRECTLY.
# yarn lockfile v1


dateformat@^3.0.3:
  version "3.0.3"
  resolved "https://registry.yarnpkg.com/dateformat/-/dateformat-3.0.3.tgz#a6e37499a4d9a9cf85ef5872044d62901c9889ae"

ethernet-ip@^1.1.5:
  version "1.1.5"
  resolved "https://registry.yarnpkg.com/ethernet-ip/-/ethernet-ip-1.1.5.tgz#5d2e6a63db51bb083b40cfd8e448121e36c8d113"
  dependencies:
    dateformat "^3.0.3"
    task-easy "^0.2.0"

lodash@^4.17.5:
  version "4.17.5"
  resolved "https://registry.yarnpkg.com/lodash/-/lodash-4.17.5.tgz#99a92d65c0272debe8c96b6057bc8fbfa3bed511"

moment@^2.22.1:
  version "2.22.1"
  resolved "https://registry.yarnpkg.com/moment/-/moment-2.22.1.tgz#529a2e9bf973f259c9643d237fda84de3a26e8ad"

task-easy@^0.2.0:
  version "0.2.0"
  resolved "https://registry.yarnpkg.com/task-easy/-/task-easy-0.2.0.tgz#af3e4637b09d1da26705717934c0c6321c7810a7"
